
Microsoft Visual Studio Solution File, Format Version 12.00
# Visual Studio Version 17
VisualStudioVersion = 17.8.34511.84
MinimumVisualStudioVersion = 10.0.40219.1
Project("{8BC9CEB8-8B4A-11D0-8D11-00A0C91BC942}") = "lb2.2", "lb2.2.vcxproj", "{C23099F0-2CBA-4CFA-A7DE-77326E3B6089}"
EndProject
Global
	GlobalSection(SolutionConfigurationPlatforms) = preSolution
		Debug|x64 = Debug|x64
		Debug|x86 = Debug|x86
		Release|x64 = Release|x64
		Release|x86 = Release|x86
	EndGlobalSection
	GlobalSection(ProjectConfigurationPlatforms) = postSolution
		{C23099F0-2CBA-4CFA-A7DE-77326E3B6089}.Debug|x64.ActiveCfg = Debug|x64
		{C23099F0-2CBA-4CFA-A7DE-77326E3B6089}.Debug|x64.Build.0 = Debug|x64
		{C23099F0-2CBA-4CFA-A7DE-77326E3B6089}.Debug|x86.ActiveCfg = Debug|Win32
		{C23099F0-2CBA-4CFA-A7DE-77326E3B6089}.Debug|x86.Build.0 = Debug|Win32
		{C23099F0-2CBA-4CFA-A7DE-77326E3B6089}.Release|x64.ActiveCfg = Release|x64
		{C23099F0-2CBA-4CFA-A7DE-77326E3B6089}.Release|x64.Build.0 = Release|x64
		{C23099F0-2CBA-4CFA-A7DE-77326E3B6089}.Release|x86.ActiveCfg = Release|Win32
		{C23099F0-2CBA-4CFA-A7DE-77326E3B6089}.Release|x86.Build.0 = Release|Win32
	EndGlobalSection
	GlobalSection(SolutionProperties) = preSolution
		HideSolutionNode = FALSE
	EndGlobalSection
	GlobalSection(ExtensibilityGlobals) = postSolution
		SolutionGuid = {8C837243-3035-4269-9330-4F9134B2631C}
	EndGlobalSection
EndGlobal
